
Microsoft Visual Studio Solution File, Format Version 12.00
# Visual Studio Version 17
VisualStudioVersion = 17.11.35312.102
MinimumVisualStudioVersion = 10.0.40219.1
Project("{888888A0-9F3D-457C-B088-3A5042F75D52}") = "oneMas", "oneMas\oneMas.pyproj", "{AF4AE3C9-0A20-4B50-98A6-91CAF0C63764}"
EndProject
Global
	GlobalSection(SolutionConfigurationPlatforms) = preSolution
		Debug|Any CPU = Debug|Any CPU
		Release|Any CPU = Release|Any CPU
	EndGlobalSection
	GlobalSection(ProjectConfigurationPlatforms) = postSolution
		{AF4AE3C9-0A20-4B50-98A6-91CAF0C63764}.Debug|Any CPU.ActiveCfg = Debug|Any CPU
		{AF4AE3C9-0A20-4B50-98A6-91CAF0C63764}.Release|Any CPU.ActiveCfg = Release|Any CPU
	EndGlobalSection
	GlobalSection(SolutionProperties) = preSolution
		HideSolutionNode = FALSE
	EndGlobalSection
	GlobalSection(ExtensibilityGlobals) = postSolution
		SolutionGuid = {140D5734-AB51-479A-ACD8-ACD06B47947A}
	EndGlobalSection
EndGlobal
