
Microsoft Visual Studio Solution File, Format Version 12.00
# Visual Studio Version 17
VisualStudioVersion = 17.11.35312.102
MinimumVisualStudioVersion = 10.0.40219.1
Project("{888888A0-9F3D-457C-B088-3A5042F75D52}") = "combObject", "combObject\combObject.pyproj", "{2B8B6ED5-26F7-4747-8582-809E2F8A05ED}"
EndProject
Global
	GlobalSection(SolutionConfigurationPlatforms) = preSolution
		Debug|Any CPU = Debug|Any CPU
		Release|Any CPU = Release|Any CPU
	EndGlobalSection
	GlobalSection(ProjectConfigurationPlatforms) = postSolution
		{2B8B6ED5-26F7-4747-8582-809E2F8A05ED}.Debug|Any CPU.ActiveCfg = Debug|Any CPU
		{2B8B6ED5-26F7-4747-8582-809E2F8A05ED}.Release|Any CPU.ActiveCfg = Release|Any CPU
	EndGlobalSection
	GlobalSection(SolutionProperties) = preSolution
		HideSolutionNode = FALSE
	EndGlobalSection
	GlobalSection(ExtensibilityGlobals) = postSolution
		SolutionGuid = {AECB172D-C944-4619-855B-0A41A59E6857}
	EndGlobalSection
EndGlobal
